
Microsoft Visual Studio Solution File, Format Version 12.00
# Visual Studio Version 17
VisualStudioVersion = 17.11.35327.3
MinimumVisualStudioVersion = 10.0.40219.1
Project("{9A19103F-16F7-4668-BE54-9A1E7A4F7556}") = "AdventCode2024", "AdventCode1\AdventCode2024.csproj", "{5CAD6995-8701-408B-AAF4-565342D58141}"
EndProject
Project("{9A19103F-16F7-4668-BE54-9A1E7A4F7556}") = "TestProjectAdvent", "TestProjectAdvent\TestProjectAdvent.csproj", "{60EB9483-4543-41AC-8400-917024188992}"
EndProject
Global
	GlobalSection(SolutionConfigurationPlatforms) = preSolution
		Debug|Any CPU = Debug|Any CPU
		Release|Any CPU = Release|Any CPU
	EndGlobalSection
	GlobalSection(ProjectConfigurationPlatforms) = postSolution
		{5CAD6995-8701-408B-AAF4-565342D58141}.Debug|Any CPU.ActiveCfg = Debug|Any CPU
		{5CAD6995-8701-408B-AAF4-565342D58141}.Debug|Any CPU.Build.0 = Debug|Any CPU
		{5CAD6995-8701-408B-AAF4-565342D58141}.Release|Any CPU.ActiveCfg = Release|Any CPU
		{5CAD6995-8701-408B-AAF4-565342D58141}.Release|Any CPU.Build.0 = Release|Any CPU
		{60EB9483-4543-41AC-8400-917024188992}.Debug|Any CPU.ActiveCfg = Debug|Any CPU
		{60EB9483-4543-41AC-8400-917024188992}.Debug|Any CPU.Build.0 = Debug|Any CPU
		{60EB9483-4543-41AC-8400-917024188992}.Release|Any CPU.ActiveCfg = Release|Any CPU
		{60EB9483-4543-41AC-8400-917024188992}.Release|Any CPU.Build.0 = Release|Any CPU
	EndGlobalSection
	GlobalSection(SolutionProperties) = preSolution
		HideSolutionNode = FALSE
	EndGlobalSection
	GlobalSection(ExtensibilityGlobals) = postSolution
		SolutionGuid = {7859CF3B-A6DB-4DC1-84F0-7F466838AB20}
	EndGlobalSection
EndGlobal
